
Microsoft Visual Studio Solution File, Format Version 11.00
# Visual Studio 2010
Project("{FAE04EC0-301F-11D3-BF4B-00C04F79EFBC}") = "Maglev.Monorail", "Maglev.Monorail\Maglev.Monorail.csproj", "{C05B9163-2F7C-466A-BF3B-FD896A1AC161}"
EndProject
Project("{FAE04EC0-301F-11D3-BF4B-00C04F79EFBC}") = "Maglev.Monorail.Tests", "Maglev.Monorail.Tests\Maglev.Monorail.Tests.csproj", "{709EF5D0-9C5E-4DC0-B835-6EA6470CDA26}"
EndProject
Project("{FAE04EC0-301F-11D3-BF4B-00C04F79EFBC}") = "pakme", "pakme\pakme.csproj", "{364A32A0-B93B-46E7-BDD7-F48C1D290B3C}"
EndProject
Global
	GlobalSection(SolutionConfigurationPlatforms) = preSolution
		Debug|Any CPU = Debug|Any CPU
		Debug|Mixed Platforms = Debug|Mixed Platforms
		Debug|x86 = Debug|x86
		Release|Any CPU = Release|Any CPU
		Release|Mixed Platforms = Release|Mixed Platforms
		Release|x86 = Release|x86
	EndGlobalSection
	GlobalSection(ProjectConfigurationPlatforms) = postSolution
		{C05B9163-2F7C-466A-BF3B-FD896A1AC161}.Debug|Any CPU.ActiveCfg = Debug|Any CPU
		{C05B9163-2F7C-466A-BF3B-FD896A1AC161}.Debug|Any CPU.Build.0 = Debug|Any CPU
		{C05B9163-2F7C-466A-BF3B-FD896A1AC161}.Debug|Mixed Platforms.ActiveCfg = Debug|Any CPU
		{C05B9163-2F7C-466A-BF3B-FD896A1AC161}.Debug|Mixed Platforms.Build.0 = Debug|Any CPU
		{C05B9163-2F7C-466A-BF3B-FD896A1AC161}.Debug|x86.ActiveCfg = Debug|Any CPU
		{C05B9163-2F7C-466A-BF3B-FD896A1AC161}.Release|Any CPU.ActiveCfg = Release|Any CPU
		{C05B9163-2F7C-466A-BF3B-FD896A1AC161}.Release|Any CPU.Build.0 = Release|Any CPU
		{C05B9163-2F7C-466A-BF3B-FD896A1AC161}.Release|Mixed Platforms.ActiveCfg = Release|Any CPU
		{C05B9163-2F7C-466A-BF3B-FD896A1AC161}.Release|Mixed Platforms.Build.0 = Release|Any CPU
		{C05B9163-2F7C-466A-BF3B-FD896A1AC161}.Release|x86.ActiveCfg = Release|Any CPU
		{709EF5D0-9C5E-4DC0-B835-6EA6470CDA26}.Debug|Any CPU.ActiveCfg = Debug|Any CPU
		{709EF5D0-9C5E-4DC0-B835-6EA6470CDA26}.Debug|Any CPU.Build.0 = Debug|Any CPU
		{709EF5D0-9C5E-4DC0-B835-6EA6470CDA26}.Debug|Mixed Platforms.ActiveCfg = Debug|Any CPU
		{709EF5D0-9C5E-4DC0-B835-6EA6470CDA26}.Debug|Mixed Platforms.Build.0 = Debug|Any CPU
		{709EF5D0-9C5E-4DC0-B835-6EA6470CDA26}.Debug|x86.ActiveCfg = Debug|Any CPU
		{709EF5D0-9C5E-4DC0-B835-6EA6470CDA26}.Release|Any CPU.ActiveCfg = Release|Any CPU
		{709EF5D0-9C5E-4DC0-B835-6EA6470CDA26}.Release|Any CPU.Build.0 = Release|Any CPU
		{709EF5D0-9C5E-4DC0-B835-6EA6470CDA26}.Release|Mixed Platforms.ActiveCfg = Release|Any CPU
		{709EF5D0-9C5E-4DC0-B835-6EA6470CDA26}.Release|Mixed Platforms.Build.0 = Release|Any CPU
		{709EF5D0-9C5E-4DC0-B835-6EA6470CDA26}.Release|x86.ActiveCfg = Release|Any CPU
		{364A32A0-B93B-46E7-BDD7-F48C1D290B3C}.Debug|Any CPU.ActiveCfg = Debug|x86
		{364A32A0-B93B-46E7-BDD7-F48C1D290B3C}.Debug|Mixed Platforms.ActiveCfg = Debug|x86
		{364A32A0-B93B-46E7-BDD7-F48C1D290B3C}.Debug|Mixed Platforms.Build.0 = Debug|x86
		{364A32A0-B93B-46E7-BDD7-F48C1D290B3C}.Debug|x86.ActiveCfg = Debug|x86
		{364A32A0-B93B-46E7-BDD7-F48C1D290B3C}.Debug|x86.Build.0 = Debug|x86
		{364A32A0-B93B-46E7-BDD7-F48C1D290B3C}.Release|Any CPU.ActiveCfg = Release|x86
		{364A32A0-B93B-46E7-BDD7-F48C1D290B3C}.Release|Mixed Platforms.ActiveCfg = Release|x86
		{364A32A0-B93B-46E7-BDD7-F48C1D290B3C}.Release|Mixed Platforms.Build.0 = Release|x86
		{364A32A0-B93B-46E7-BDD7-F48C1D290B3C}.Release|x86.ActiveCfg = Release|x86
		{364A32A0-B93B-46E7-BDD7-F48C1D290B3C}.Release|x86.Build.0 = Release|x86
	EndGlobalSection
	GlobalSection(SolutionProperties) = preSolution
		HideSolutionNode = FALSE
	EndGlobalSection
EndGlobal
